
Microsoft Visual Studio Solution File, Format Version 12.00
# Visual Studio Version 17
VisualStudioVersion = 17.3.32929.385
MinimumVisualStudioVersion = 10.0.40219.1
Project("{FAE04EC0-301F-11D3-BF4B-00C04F79EFBC}") = "SmarterStoplight_GUI", "SmarterStoplight_GUI\SmarterStoplight_GUI.csproj", "{32C46AF8-7288-43B1-AE2A-96166B695317}"
EndProject
Project("{FAE04EC0-301F-11D3-BF4B-00C04F79EFBC}") = "SmarterStoplight_Console", "SmarterStoplight_Console\SmarterStoplight_Console.csproj", "{D21996AA-E9E1-4467-9261-A1D36F9EE55B}"
EndProject
Project("{FAE04EC0-301F-11D3-BF4B-00C04F79EFBC}") = "SmarterStoplight_ClassLibrary", "SmarterStoplight_ClassLibrary\SmarterStoplight_ClassLibrary.csproj", "{26CF12C3-F4D9-454F-9BAC-E4FA9BA00967}"
EndProject
Global
	GlobalSection(SolutionConfigurationPlatforms) = preSolution
		Debug|Any CPU = Debug|Any CPU
		Release|Any CPU = Release|Any CPU
	EndGlobalSection
	GlobalSection(ProjectConfigurationPlatforms) = postSolution
		{32C46AF8-7288-43B1-AE2A-96166B695317}.Debug|Any CPU.ActiveCfg = Debug|Any CPU
		{32C46AF8-7288-43B1-AE2A-96166B695317}.Debug|Any CPU.Build.0 = Debug|Any CPU
		{32C46AF8-7288-43B1-AE2A-96166B695317}.Release|Any CPU.ActiveCfg = Release|Any CPU
		{32C46AF8-7288-43B1-AE2A-96166B695317}.Release|Any CPU.Build.0 = Release|Any CPU
		{D21996AA-E9E1-4467-9261-A1D36F9EE55B}.Debug|Any CPU.ActiveCfg = Debug|Any CPU
		{D21996AA-E9E1-4467-9261-A1D36F9EE55B}.Debug|Any CPU.Build.0 = Debug|Any CPU
		{D21996AA-E9E1-4467-9261-A1D36F9EE55B}.Release|Any CPU.ActiveCfg = Release|Any CPU
		{D21996AA-E9E1-4467-9261-A1D36F9EE55B}.Release|Any CPU.Build.0 = Release|Any CPU
		{26CF12C3-F4D9-454F-9BAC-E4FA9BA00967}.Debug|Any CPU.ActiveCfg = Debug|Any CPU
		{26CF12C3-F4D9-454F-9BAC-E4FA9BA00967}.Debug|Any CPU.Build.0 = Debug|Any CPU
		{26CF12C3-F4D9-454F-9BAC-E4FA9BA00967}.Release|Any CPU.ActiveCfg = Release|Any CPU
		{26CF12C3-F4D9-454F-9BAC-E4FA9BA00967}.Release|Any CPU.Build.0 = Release|Any CPU
	EndGlobalSection
	GlobalSection(SolutionProperties) = preSolution
		HideSolutionNode = FALSE
	EndGlobalSection
	GlobalSection(ExtensibilityGlobals) = postSolution
		SolutionGuid = {C3224AD4-14E2-4796-8F89-155885CD0ED8}
	EndGlobalSection
EndGlobal
